// !$*UTF8*$!
{
	archiveVersion = 1;
	classes = {
	};
	objectVersion = 46;
	objects = {

/* Begin PBXBuildFile section */
		F9DD0F161BD0A10A001FB7AF /* AppDelegate.swift in Sources */ = {isa = PBXBuildFile; fileRef = F9DD0F151BD0A10A001FB7AF /* AppDelegate.swift */; };
		F9DD0F181BD0A10A001FB7AF /* ViewController.swift in Sources */ = {isa = PBXBuildFile; fileRef = F9DD0F171BD0A10A001FB7AF /* ViewController.swift */; };
		F9DD0F1B1BD0A10A001FB7AF /* Main.storyboard in Resources */ = {isa = PBXBuildFile; fileRef = F9DD0F191BD0A10A001FB7AF /* Main.storyboard */; };
		F9DD0F1D1BD0A10A001FB7AF /* Assets.xcassets in Resources */ = {isa = PBXBuildFile; fileRef = F9DD0F1C1BD0A10A001FB7AF /* Assets.xcassets */; };
		F9DD0F201BD0A10A001FB7AF /* LaunchScreen.storyboard in Resources */ = {isa = PBXBuildFile; fileRef = F9DD0F1E1BD0A10A001FB7AF /* LaunchScreen.storyboard */; };
/* End PBXBuildFile section */

/* Begin PBXFileReference section */
		F9DD0F121BD0A10A001FB7AF /* Navigation Bar.app */ = {isa = PBXFileReference; explicitFileType = wrapper.application; includeInIndex = 0; path = "Navigation Bar.app"; sourceTree = BUILT_PRODUCTS_DIR; };
		F9DD0F151BD0A10A001FB7AF /* AppDelegate.swift */ = {isa = PBXFileReference; lastKnownFileType = sourcecode.swift; path = AppDelegate.swift; sourceTree = "<group>"; };
		F9DD0F171BD0A10A001FB7AF /* ViewController.swift */ = {isa = PBXFileReference; lastKnownFileType = sourcecode.swift; path = ViewController.swift; sourceTree = "<group>"; };
		F9DD0F1A1BD0A10A001FB7AF /* Base */ = {isa = PBXFileReference; lastKnownFileType = file.storyboard; name = Base; path = Base.lproj/Main.storyboard; sourceTree = "<group>"; };
		F9DD0F1C1BD0A10A001FB7AF /* Assets.xcassets */ = {isa = PBXFileReference; lastKnownFileType = folder.assetcatalog; path = Assets.xcassets; sourceTree = "<group>"; };
		F9DD0F1F1BD0A10A001FB7AF /* Base */ = {isa = PBXFileReference; lastKnownFileType = file.storyboard; name = Base; path = Base.lproj/LaunchScreen.storyboard; sourceTree = "<group>"; };
		F9DD0F211BD0A10A001FB7AF /* Info.plist */ = {isa = PBXFileReference; lastKnownFileType = text.plist.xml; path = Info.plist; sourceTree = "<group>"; };
/* End PBXFileReference section */

/* Begin PBXFrameworksBuildPhase section */
		F9DD0F0F1BD0A10A001FB7AF /* Frameworks */ = {
			isa = PBXFrameworksBuildPhase;
			buildActionMask = 2147483647;
			files = (
			);
			runOnlyForDeploymentPostprocessing = 0;
		};
/* End PBXFrameworksBuildPhase section */

/* Begin PBXGroup section */
		F9DD0F091BD0A109001FB7AF = {
			isa = PBXGroup;
			children = (
				F9DD0F141BD0A10A001FB7AF /* Navigation Bar */,
				F9DD0F131BD0A10A001FB7AF /* Products */,
			);
			sourceTree = "<group>";
		};
		F9DD0F131BD0A10A001FB7AF /* Products */ = {
			isa = PBXGroup;
			children = (
				F9DD0F121BD0A10A001FB7AF /* Navigation Bar.app */,
			);
			name = Products;
			sourceTree = "<group>";
		};
		F9DD0F141BD0A10A001FB7AF /* Navigation Bar */ = {
			isa = PBXGroup;
			children = (
				F9DD0F151BD0A10A001FB7AF /* AppDelegate.swift */,
				F9DD0F171BD0A10A001FB7AF /* ViewController.swift */,
				F9DD0F191BD0A10A001FB7AF /* Main.storyboard */,
				F9DD0F1C1BD0A10A001FB7AF /* Assets.xcassets */,
				F9DD0F1E1BD0A10A001FB7AF /* LaunchScreen.storyboard */,
				F9DD0F211BD0A10A001FB7AF /* Info.plist */,
			);
			path = "Navigation Bar";
			sourceTree = "<group>";
		};
/* End PBXGroup section */

/* Begin PBXNativeTarget section */
		F9DD0F111BD0A10A001FB7AF /* Navigation Bar */ = {
			isa = PBXNativeTarget;
			buildConfigurationList = F9DD0F241BD0A10A001FB7AF /* Build configuration list for PBXNativeTarget "Navigation Bar" */;
			buildPhases = (
				F9DD0F0E1BD0A10A001FB7AF /* Sources */,
				F9DD0F0F1BD0A10A001FB7AF /* Frameworks */,
				F9DD0F101BD0A10A001FB7AF /* Resources */,
			);
			buildRules = (
			);
			dependencies = (
			);
			name = "Navigation Bar";
			productName = "Navigation Bar";
			productReference = F9DD0F121BD0A10A001FB7AF /* Navigation Bar.app */;
			productType = "com.apple.product-type.application";
		};
/* End PBXNativeTarget section */

/* Begin PBXProject section */
		F9DD0F0A1BD0A109001FB7AF /* Project object */ = {
			isa = PBXProject;
			attributes = {
				LastUpgradeCheck = 0700;
				ORGANIZATIONNAME = "Alicia Rodriguez";
				TargetAttributes = {
					F9DD0F111BD0A10A001FB7AF = {
						CreatedOnToolsVersion = 7.0.1;
						DevelopmentTeam = M97KMABLZA;
					};
				};
			};
			buildConfigurationList = F9DD0F0D1BD0A109001FB7AF /* Build configuration list for PBXProject "Navigation Bar" */;
			compatibilityVersion = "Xcode 3.2";
			developmentRegion = English;
			hasScannedForEncodings = 0;
			knownRegions = (
				en,
				Base,
			);
			mainGroup = F9DD0F091BD0A109001FB7AF;
			productRefGroup = F9DD0F131BD0A10A001FB7AF /* Products */;
			projectDirPath = "";
			projectRoot = "";
			targets = (
				F9DD0F111BD0A10A001FB7AF /* Navigation Bar */,
			);
		};
/* End PBXProject section */

/* Begin PBXResourcesBuildPhase section */
		F9DD0F101BD0A10A001FB7AF /* Resources */ = {
			isa = PBXResourcesBuildPhase;
			buildActionMask = 2147483647;
			files = (
				F9DD0F201BD0A10A001FB7AF /* LaunchScreen.storyboard in Resources */,
				F9DD0F1D1BD0A10A001FB7AF /* Assets.xcassets in Resources */,
				F9DD0F1B1BD0A10A001FB7AF /* Main.storyboard in Resources */,
			);
			runOnlyForDeploymentPostprocessing = 0;
		};
/* End PBXResourcesBuildPhase section */

/* Begin PBXSourcesBuildPhase section */
		F9DD0F0E1BD0A10A001FB7AF /* Sources */ = {
			isa = PBXSourcesBuildPhase;
			buildActionMask = 2147483647;
			files = (
				F9DD0F181BD0A10A001FB7AF /* ViewController.swift in Sources */,
				F9DD0F161BD0A10A001FB7AF /* AppDelegate.swift in Sources */,
			);
			runOnlyForDeploymentPostprocessing = 0;
		};
/* End PBXSourcesBuildPhase section */

/* Begin PBXVariantGroup section */
		F9DD0F191BD0A10A001FB7AF /* Main.storyboard */ = {
			isa = PBXVariantGroup;
			children = (
				F9DD0F1A1BD0A10A001FB7AF /* Base */,
			);
			name = Main.storyboard;
			sourceTree = "<group>";
		};
		F9DD0F1E1BD0A10A001FB7AF /* LaunchScreen.storyboard */ = {
			isa = PBXVariantGroup;
			children = (
				F9DD0F1F1BD0A10A001FB7AF /* Base */,
			);
			name = LaunchScreen.storyboard;
			sourceTree = "<group>";
		};
/* End PBXVariantGroup section */

/* Begin XCBuildConfiguration section */
		F9DD0F221BD0A10A001FB7AF /* Debug */ = {
			isa = XCBuildConfiguration;
			buildSettings = {
				ALWAYS_SEARCH_USER_PATHS = NO;
				CLANG_CXX_LANGUAGE_STANDARD = "gnu++0x";
				CLANG_CXX_LIBRARY = "libc++";
				CLANG_ENABLE_MODULES = YES;
				CLANG_ENABLE_OBJC_ARC = YES;
				CLANG_WARN_BOOL_CONVERSION = YES;
				CLANG_WARN_CONSTANT_CONVERSION = YES;
				CLANG_WARN_DIRECT_OBJC_ISA_USAGE = YES_ERROR;
				CLANG_WARN_EMPTY_BODY = YES;
				CLANG_WARN_ENUM_CONVERSION = YES;
				CLANG_WARN_INT_CONVERSION = YES;
				CLANG_WARN_OBJC_ROOT_CLASS = YES_ERROR;
				CLANG_WARN_UNREACHABLE_CODE = YES;
				CLANG_WARN__DUPLICATE_METHOD_MATCH = YES;
				"CODE_SIGN_IDENTITY[sdk=iphoneos*]" = "iPhone Developer";
				COPY_PHASE_STRIP = NO;
				DEBUG_INFORMATION_FORMAT = dwarf;
				ENABLE_STRICT_OBJC_MSGSEND = YES;
				ENABLE_TESTABILITY = YES;
				GCC_C_LANGUAGE_STANDARD = gnu99;
				GCC_DYNAMIC_NO_PIC = NO;
				GCC_NO_COMMON_BLOCKS = YES;
				GCC_OPTIMIZATION_LEVEL = 0;
				GCC_PREPROCESSOR_DEFINITIONS = (
					"DEBUG=1",
					"$(inherited)",
				);
				GCC_WARN_64_TO_32_BIT_CONVERSION = YES;
				GCC_WARN_ABOUT_RETURN_TYPE = YES_ERROR;
				GCC_WARN_UNDECLARED_SELECTOR = YES;
				GCC_WARN_UNINITIALIZED_AUTOS = YES_AGGRESSIVE;
				GCC_WARN_UNUSED_FUNCTION = YES;
				GCC_WARN_UNUSED_VARIABLE = YES;
				IPHONEOS_DEPLOYMENT_TARGET = 9.0;
				MTL_ENABLE_DEBUG_INFO = YES;
				ONLY_ACTIVE_ARCH = YES;
				SDKROOT = iphoneos;
				SWIFT_OPTIMIZATION_LEVEL = "-Onone";
			};
			name = Debug;
		};
		F9DD0F231BD0A10A001FB7AF /* Release */ = {
			isa = XCBuildConfiguration;
			buildSettings = {
				ALWAYS_SEARCH_USER_PATHS = NO;
				CLANG_CXX_LANGUAGE_STANDARD = "gnu++0x";
				CLANG_CXX_LIBRARY = "libc++";
				CLANG_ENABLE_MODULES = YES;
				CLANG_ENABLE_OBJC_ARC = YES;
				CLANG_WARN_BOOL_CONVERSION = YES;
				CLANG_WARN_CONSTANT_CONVERSION = YES;
				CLANG_WARN_DIRECT_OBJC_ISA_USAGE = YES_ERROR;
				CLANG_WARN_EMPTY_BODY = YES;
				CLANG_WARN_ENUM_CONVERSION = YES;
				CLANG_WARN_INT_CONVERSION = YES;
				CLANG_WARN_OBJC_ROOT_CLASS = YES_ERROR;
				CLANG_WARN_UNREACHABLE_CODE = YES;
				CLANG_WARN__DUPLICATE_METHOD_MATCH = YES;
				"CODE_SIGN_IDENTITY[sdk=iphoneos*]" = "iPhone Developer";
				COPY_PHASE_STRIP = NO;
				DEBUG_INFORMATION_FORMAT = "dwarf-with-dsym";
				ENABLE_NS_ASSERTIONS = NO;
				ENABLE_STRICT_OBJC_MSGSEND = YES;
				GCC_C_LANGUAGE_STANDARD = gnu99;
				GCC_NO_COMMON_BLOCKS = YES;
				GCC_WARN_64_TO_32_BIT_CONVERSION = YES;
				GCC_WARN_ABOUT_RETURN_TYPE = YES_ERROR;
				GCC_WARN_UNDECLARED_SELECTOR = YES;
				GCC_WARN_UNINITIALIZED_AUTOS = YES_AGGRESSIVE;
				GCC_WARN_UNUSED_FUNCTION = YES;
				GCC_WARN_UNUSED_VARIABLE = YES;
				IPHONEOS_DEPLOYMENT_TARGET = 9.0;
				MTL_ENABLE_DEBUG_INFO = NO;
				SDKROOT = iphoneos;
				VALIDATE_PRODUCT = YES;
			};
			name = Release;
		};
		F9DD0F251BD0A10A001FB7AF /* Debug */ = {
			isa = XCBuildConfiguration;
			buildSettings = {
				ASSETCATALOG_COMPILER_APPICON_NAME = AppIcon;
				INFOPLIST_FILE = "Navigation Bar/Info.plist";
				LD_RUNPATH_SEARCH_PATHS = "$(inherited) @executable_path/Frameworks";
				PRODUCT_BUNDLE_IDENTIFIER = "com.AliciaRodriguez.Navigation-Bar";
				PRODUCT_NAME = "$(TARGET_NAME)";
			};
			name = Debug;
		};
		F9DD0F261BD0A10A001FB7AF /* Release */ = {
			isa = XCBuildConfiguration;
			buildSettings = {
				ASSETCATALOG_COMPILER_APPICON_NAME = AppIcon;
				INFOPLIST_FILE = "Navigation Bar/Info.plist";
				LD_RUNPATH_SEARCH_PATHS = "$(inherited) @executable_path/Frameworks";
				PRODUCT_BUNDLE_IDENTIFIER = "com.AliciaRodriguez.Navigation-Bar";
				PRODUCT_NAME = "$(TARGET_NAME)";
			};
			name = Release;
		};
/* End XCBuildConfiguration section */

/* Begin XCConfigurationList section */
		F9DD0F0D1BD0A109001FB7AF /* Build configuration list for PBXProject "Navigation Bar" */ = {
			isa = XCConfigurationList;
			buildConfigurations = (
				F9DD0F221BD0A10A001FB7AF /* Debug */,
				F9DD0F231BD0A10A001FB7AF /* Release */,
			);
			defaultConfigurationIsVisible = 0;
			defaultConfigurationName = Release;
		};
		F9DD0F241BD0A10A001FB7AF /* Build configuration list for PBXNativeTarget "Navigation Bar" */ = {
			isa = XCConfigurationList;
			buildConfigurations = (
				F9DD0F251BD0A10A001FB7AF /* Debug */,
				F9DD0F261BD0A10A001FB7AF /* Release */,
			);
			defaultConfigurationIsVisible = 0;
		};
/* End XCConfigurationList section */
	};
	rootObject = F9DD0F0A1BD0A109001FB7AF /* Project object */;
}
